
Microsoft Visual Studio Solution File, Format Version 12.00
# Visual Studio 15
VisualStudioVersion = 15.0.28010.2046
MinimumVisualStudioVersion = 10.0.40219.1
Project("{FAE04EC0-301F-11D3-BF4B-00C04F79EFBC}") = "WFMouseEventsTimeLine", "WFMouseEventsTimeLine\WFMouseEventsTimeLine.csproj", "{C0C911A0-759B-41F3-B522-B3647A5F8C6B}"
EndProject
Global
	GlobalSection(SolutionConfigurationPlatforms) = preSolution
		Debug|Any CPU = Debug|Any CPU
		Release|Any CPU = Release|Any CPU
	EndGlobalSection
	GlobalSection(ProjectConfigurationPlatforms) = postSolution
		{C0C911A0-759B-41F3-B522-B3647A5F8C6B}.Debug|Any CPU.ActiveCfg = Debug|Any CPU
		{C0C911A0-759B-41F3-B522-B3647A5F8C6B}.Debug|Any CPU.Build.0 = Debug|Any CPU
		{C0C911A0-759B-41F3-B522-B3647A5F8C6B}.Release|Any CPU.ActiveCfg = Release|Any CPU
		{C0C911A0-759B-41F3-B522-B3647A5F8C6B}.Release|Any CPU.Build.0 = Release|Any CPU
	EndGlobalSection
	GlobalSection(SolutionProperties) = preSolution
		HideSolutionNode = FALSE
	EndGlobalSection
	GlobalSection(ExtensibilityGlobals) = postSolution
		SolutionGuid = {2B0E0EA5-351C-4C63-AA7D-800AEC87FA1D}
	EndGlobalSection
EndGlobal
